{
  "name": "swiftui-explorer",
  "version": "0.1.0",
  "lockfileVersion": 3,
  "requires": true,
  "packages": {
    "": {
      "name": "swiftui-explorer",
      "version": "0.1.0",
      "workspaces": [
        "packages/*"
      ],
      "engines": {
        "node": ">=20.0.0"
      }
    },
    "node_modules/@swiftui-explorer/preview-cli": {
      "resolved": "packages/preview-cli",
      "link": true
    },
    "node_modules/@swiftui-explorer/vscode-extension": {
      "resolved": "packages/vscode-extension",
      "link": true
    },
    "node_modules/@types/node": {
      "version": "24.12.2",
      "resolved": "https://registry.npmjs.org/@types/node/-/node-24.12.2.tgz",
      "integrity": "sha512-A1sre26ke7HDIuY/M23nd9gfB+nrmhtYyMINbjI1zHJxYteKR6qSMX56FsmjMcDb3SMcjJg5BiRRgOCC/yBD0g==",
      "dev": true,
      "license": "MIT",
      "dependencies": {
        "undici-types": "~7.16.0"
      }
    },
    "node_modules/@types/vscode": {
      "version": "1.110.0",
      "resolved": "https://registry.npmjs.org/@types/vscode/-/vscode-1.110.0.tgz",
      "integrity": "sha512-AGuxUEpU4F4mfuQjxPPaQVyuOMhs+VT/xRok1jiHVBubHK7lBRvCuOMZG0LKUwxncrPorJ5qq/uil3IdZBd5lA==",
      "dev": true,
      "license": "MIT"
    },
    "node_modules/typescript": {
      "version": "5.9.3",
      "resolved": "https://registry.npmjs.org/typescript/-/typescript-5.9.3.tgz",
      "integrity": "sha512-jl1vZzPDinLr9eUt3J/t7V6FgNEw9QjvBPdysz9KfQDD41fQrC2Y4vKQdiaUpFT4bXlb1RHhLpp8wtm6M5TgSw==",
      "dev": true,
      "license": "Apache-2.0",
      "bin": {
        "tsc": "bin/tsc",
        "tsserver": "bin/tsserver"
      },
      "engines": {
        "node": ">=14.17"
      }
    },
    "node_modules/undici-types": {
      "version": "7.16.0",
      "resolved": "https://registry.npmjs.org/undici-types/-/undici-types-7.16.0.tgz",
      "integrity": "sha512-Zz+aZWSj8LE6zoxD+xrjh4VfkIG8Ya6LvYkZqtUQGJPZjYl53ypCaUwWqo7eI0x66KBGeRo+mlBEkMSeSZ38Nw==",
      "dev": true,
      "license": "MIT"
    },
    "packages/preview-cli": {
      "name": "@swiftui-explorer/preview-cli",
      "version": "0.1.0",
      "license": "MIT",
      "bin": {
        "swiftui-explorer-preview": "dist/index.js"
      },
      "devDependencies": {
        "@types/node": "^24.5.2",
        "typescript": "^5.9.2"
      }
    },
    "packages/vscode-extension": {
      "name": "@swiftui-explorer/vscode-extension",
      "version": "0.1.0",
      "license": "MIT",
      "devDependencies": {
        "@types/node": "^24.5.2",
        "@types/vscode": "^1.96.0",
        "typescript": "^5.9.2"
      },
      "engines": {
        "vscode": "^1.96.0"
      }
    }
  }
}
